{
  "requires": true,
  "lockfileVersion": 1,
  "dependencies": {
    "@material/animation": {
      "version": "0.25.0",
      "resolved": "https://registry.npmjs.org/@material/animation/-/animation-0.25.0.tgz",
      "integrity": "sha512-4RzlpMwJtMnQ3/rNf4zpG9qnoQcCkYiRs6U515MRQzv7qFl1eCZx3U3dGaUu7UVf3Hwx4RskUB/fBxGc0b61CQ=="
    },
    "@material/auto-init": {
      "version": "0.30.0",
      "resolved": "https://registry.npmjs.org/@material/auto-init/-/auto-init-0.30.0.tgz",
      "integrity": "sha512-xHlSkVHIyaTORGJxO/qZ4q95DJKv6aELrCDemfVl3vSd/PHCu3njc3FRY1n/0Pnfdj/otF1DRNhSHaWSainR1g=="
    },
    "@material/base": {
      "version": "0.29.0",
      "resolved": "https://registry.npmjs.org/@material/base/-/base-0.29.0.tgz",
      "integrity": "sha512-5jgaxI0x18JWb7orFPNm+on3Oe1o0RUgrh/xSpuJ4U4rEwMmC94rOMdacllaenmUuLq1DRPE7UeGOzfWfZf3bQ=="
    },
    "@material/button": {
      "version": "0.31.0",
      "resolved": "https://registry.npmjs.org/@material/button/-/button-0.31.0.tgz",
      "integrity": "sha512-i2zh/UidubnuZ43cj9R4Vj5OlvO2d9fhysGiInHpHMiVQVyU88e2eYGPAFl3npUsErZldLayBn3BegUSQ2JUjQ==",
      "requires": {
        "@material/elevation": "0.28.0",
        "@material/ripple": "0.31.0",
        "@material/theme": "0.30.0",
        "@material/typography": "0.28.0"
      }
    },
    "@material/card": {
      "version": "0.31.0",
      "resolved": "https://registry.npmjs.org/@material/card/-/card-0.31.0.tgz",
      "integrity": "sha512-WZrTwCCZgagVXRyBV1m8ETZHssH0POUTdvd0MKnlX0xrqq2rqM1A6SsZ4hJ9LVBX5fwqxRdwX9o7QUu8M0NOxw==",
      "requires": {
        "@material/elevation": "0.28.0",
        "@material/ripple": "0.31.0",
        "@material/rtl": "0.30.0",
        "@material/theme": "0.30.0"
      }
    },
    "@material/checkbox": {
      "version": "0.31.0",
      "resolved": "https://registry.npmjs.org/@material/checkbox/-/checkbox-0.31.0.tgz",
      "integrity": "sha512-ZJPrdSu0fCyQL/6862KBaOr3h9sFT6K3YJihe3yoMV9jTu1IMFXLjI4UsKvsvRJH9+/Z9hVg8gbY6opw1rdshQ==",
      "requires": {
        "@material/animation": "0.25.0",
        "@material/base": "0.29.0",
        "@material/ripple": "0.31.0",
        "@material/rtl": "0.30.0",
        "@material/selection-control": "0.31.0",
        "@material/theme": "0.30.0"
      }
    },
    "@material/chips": {
      "version": "0.31.0",
      "resolved": "https://registry.npmjs.org/@material/chips/-/chips-0.31.0.tgz",
      "integrity": "sha512-1pr5tm/OK1C9I0WERsc0FBIwuqzGc2m/UN09YPl7GRiK8Xiys4muaIvNLngqi2sC+jcsavCxMeUB5U6PGDAB1w==",
      "requires": {
        "@material/base": "0.29.0",
        "@material/ripple": "0.31.0"
      }
    },
    "@material/dialog": {
      "version": "0.31.0",
      "resolved": "https://registry.npmjs.org/@material/dialog/-/dialog-0.31.0.tgz",
      "integrity": "sha512-rcIWZE+BNRsLNh0RkbrWHGibuE4yS3D9ITodW9088rCpSVnhsVYjHPFwst+BZlUfvxpR+xLvTQ9T0JCd9a3hDQ==",
      "requires": {
        "@material/animation": "0.25.0",
        "@material/base": "0.29.0",
        "@material/elevation": "0.28.0",
        "@material/ripple": "0.31.0",
        "@material/rtl": "0.30.0",
        "@material/theme": "0.30.0",
        "@material/typography": "0.1.1",
        "focus-trap": "2.4.3"
      },
      "dependencies": {
        "@material/typography": {
          "version": "0.1.1",
          "resolved": "https://registry.npmjs.org/@material/typography/-/typography-0.1.1.tgz",
          "integrity": "sha1-+y40N70yhNOen7kUhXZ63msr0ME="
        }
      }
    },
    "@material/drawer": {
      "version": "0.30.0",
      "resolved": "https://registry.npmjs.org/@material/drawer/-/drawer-0.30.0.tgz",
      "integrity": "sha512-NZyp6jVd6cDucBPUl391cTuIkR5Vy5OdrdNQxvH+pTjvb7R2yQJKVv2a7PxuR1uKjGM1vRudFOdXpviwbplr9A==",
      "requires": {
        "@material/animation": "0.25.0",
        "@material/base": "0.29.0",
        "@material/elevation": "0.28.0",
        "@material/rtl": "0.30.0",
        "@material/theme": "0.30.0",
        "@material/typography": "0.28.0"
      }
    },
    "@material/elevation": {
      "version": "0.28.0",
      "resolved": "https://registry.npmjs.org/@material/elevation/-/elevation-0.28.0.tgz",
      "integrity": "sha512-U2utCuMDDhrJ8Cyisz16GAejN9h9xyS4jvVkt2uIOUyPZRjnaJyoAbpyf0mOzFxIdBuRpNGJYm2PoAwHsSA+xw==",
      "requires": {
        "@material/animation": "0.25.0",
        "@material/theme": "0.4.0"
      },
      "dependencies": {
        "@material/theme": {
          "version": "0.4.0",
          "resolved": "https://registry.npmjs.org/@material/theme/-/theme-0.4.0.tgz",
          "integrity": "sha1-Cu8aAnm2XBWZBYT7i47KCVxzRkE="
        }
      }
    },
    "@material/fab": {
      "version": "0.31.0",
      "resolved": "https://registry.npmjs.org/@material/fab/-/fab-0.31.0.tgz",
      "integrity": "sha512-zt0L06Ry3uGZS6OFz7XsF6/qd2q8JQ9JuXdSaa3Glold46jYLteCTozsX6lzaOiznAVkoeROEIAXv5kAHHVgCw==",
      "requires": {
        "@material/animation": "0.25.0",
        "@material/elevation": "0.28.0",
        "@material/ripple": "0.31.0",
        "@material/theme": "0.30.0"
      }
    },
    "@material/form-field": {
      "version": "0.31.0",
      "resolved": "https://registry.npmjs.org/@material/form-field/-/form-field-0.31.0.tgz",
      "integrity": "sha512-QrFy+B2197Co15M07E4gdf4U31EU+DlI61H7J2+uYAQrEMemLTG/QOVOEObuBESYqQoA6dQr9eila5h2sTenkg==",
      "requires": {
        "@material/base": "0.29.0",
        "@material/rtl": "0.30.0",
        "@material/selection-control": "0.31.0",
        "@material/theme": "0.30.0",
        "@material/typography": "0.28.0"
      }
    },
    "@material/grid-list": {
      "version": "0.30.0",
      "resolved": "https://registry.npmjs.org/@material/grid-list/-/grid-list-0.30.0.tgz",
      "integrity": "sha512-RjL5npvXRWqYE1ro83JjzF2JTimIqVrshCcjSCkiFcDY0AKyEBfihvtHA2JhngLgCgKBBcSHDzNL8sqGMT8AJg==",
      "requires": {
        "@material/base": "0.29.0",
        "@material/rtl": "0.30.0",
        "@material/theme": "0.30.0",
        "@material/typography": "0.28.0"
      }
    },
    "@material/icon-toggle": {
      "version": "0.31.0",
      "resolved": "https://registry.npmjs.org/@material/icon-toggle/-/icon-toggle-0.31.0.tgz",
      "integrity": "sha512-gQnv7fQZVb+JD4tigikAgm8a99T93CsT0yemyuh7p/a62UO8Z5UpCmSCId7IzK6/Je4jmloJBYC8pnD6q/Nk+w==",
      "requires": {
        "@material/animation": "0.25.0",
        "@material/base": "0.29.0",
        "@material/ripple": "0.31.0",
        "@material/theme": "0.30.0"
      }
    },
    "@material/layout-grid": {
      "version": "0.24.0",
      "resolved": "https://registry.npmjs.org/@material/layout-grid/-/layout-grid-0.24.0.tgz",
      "integrity": "sha512-38Si5CQgRkQwTSVb+lfCZkH8QEe1/HWfj2yNmK5OIFRMBFbSjQRsvf3p+aU1R7fM4TDjNKcgUWqRtBnKuUjNCQ=="
    },
    "@material/line-ripple": {
      "version": "0.30.0",
      "resolved": "https://registry.npmjs.org/@material/line-ripple/-/line-ripple-0.30.0.tgz",
      "integrity": "sha512-lUVhWN8HCAnIroWD6Ds2CCET0D1wn4EXzRfhuUaLph3QBt1Ra8L5iWeAzRkgMaMiRI4bLAQTWNJgb8CyCzxCeA==",
      "requires": {
        "@material/animation": "0.25.0",
        "@material/base": "0.29.0",
        "@material/theme": "0.30.0"
      }
    },
    "@material/linear-progress": {
      "version": "0.30.0",
      "resolved": "https://registry.npmjs.org/@material/linear-progress/-/linear-progress-0.30.0.tgz",
      "integrity": "sha512-xKeC22ni5B2xEoYwY8bBJABS3Xkxa1qjKb+bWu0zf90F7e3bQ0rp2pvzHSp0GGJHTAChu1COMXOyZ1QzaBYtGg==",
      "requires": {
        "@material/animation": "0.25.0",
        "@material/base": "0.29.0",
        "@material/theme": "0.30.0"
      }
    },
    "@material/list": {
      "version": "0.31.0",
      "resolved": "https://registry.npmjs.org/@material/list/-/list-0.31.0.tgz",
      "integrity": "sha512-Kn8hEhnQv52kDv7K+3te7Nt5fi6lShdJlQqeVB4dxT3+undLiDkEgT+5xJ+xIp8O3/OnlhBcaFyXQ2PhyTk5zw==",
      "requires": {
        "@material/ripple": "0.31.0",
        "@material/rtl": "0.30.0",
        "@material/theme": "0.30.0",
        "@material/typography": "0.28.0"
      }
    },
    "@material/menu": {
      "version": "0.31.0",
      "resolved": "https://registry.npmjs.org/@material/menu/-/menu-0.31.0.tgz",
      "integrity": "sha512-9318W8Ws1lnJzsXC9+3hVaYJkGxJOXNHR4PaIpvI9T4ZmyRu5+E6Cp0hf42RTQ1bHTDLOSG/tPuKvsN9VW/6hQ==",
      "requires": {
        "@material/animation": "0.25.0",
        "@material/base": "0.29.0",
        "@material/elevation": "0.28.0",
        "@material/theme": "0.30.0",
        "@material/typography": "0.28.0"
      }
    },
    "@material/radio": {
      "version": "0.31.0",
      "resolved": "https://registry.npmjs.org/@material/radio/-/radio-0.31.0.tgz",
      "integrity": "sha512-HmVFl07fon0V8HjJhjFggk41JG+0SNpwiGfm9p2Jkv7nCVeKbxSvPpAsrMhvUkGJULP34JgEZK8iIY07qTV1kA==",
      "requires": {
        "@material/animation": "0.25.0",
        "@material/base": "0.29.0",
        "@material/ripple": "0.31.0",
        "@material/selection-control": "0.31.0",
        "@material/theme": "0.30.0"
      }
    },
    "@material/ripple": {
      "version": "0.31.0",
      "resolved": "https://registry.npmjs.org/@material/ripple/-/ripple-0.31.0.tgz",
      "integrity": "sha512-MPWE2PzT+1iCCF0baspU8JgHdTN3AVDbJujAx0/6cKDADgIoI8aRDFWGJt1Xtv1MdiOWkBt/wR3Jz+fpVFUe0A==",
      "requires": {
        "@material/base": "0.29.0",
        "@material/theme": "0.30.0"
      }
    },
    "@material/rtl": {
      "version": "0.30.0",
      "resolved": "https://registry.npmjs.org/@material/rtl/-/rtl-0.30.0.tgz",
      "integrity": "sha512-zxEiXFESaQvNNm+tHO0QVKxkGERkL6rX4ghusl7HhosueOcjaVLNYCxH5F0x6Et04TL0wh1ycBmFUIEqVhEkWw=="
    },
    "@material/select": {
      "version": "0.31.0",
      "resolved": "https://registry.npmjs.org/@material/select/-/select-0.31.0.tgz",
      "integrity": "sha512-RV18qRsccVqAGjUR9mBsZdBVZ1Ijz1BGqGi4+WfhRKrsveczAfQH288moWV60/khfSGjrlt2h+GICTKqkA0+bw==",
      "requires": {
        "@material/animation": "0.25.0",
        "@material/base": "0.29.0",
        "@material/list": "0.31.0",
        "@material/menu": "0.31.0",
        "@material/ripple": "0.31.0",
        "@material/rtl": "0.30.0",
        "@material/theme": "0.30.0",
        "@material/typography": "0.28.0"
      }
    },
    "@material/selection-control": {
      "version": "0.31.0",
      "resolved": "https://registry.npmjs.org/@material/selection-control/-/selection-control-0.31.0.tgz",
      "integrity": "sha512-6UuGKDRAF4T29oOG4mFBij8y7Zb9svx5kHBxjCJozp5Qf6B8zPupNEe2s/toaXqX2ehCTqzl7py46mcbx4Cy5g==",
      "requires": {
        "@material/ripple": "0.31.0"
      }
    },
    "@material/slider": {
      "version": "0.30.0",
      "resolved": "https://registry.npmjs.org/@material/slider/-/slider-0.30.0.tgz",
      "integrity": "sha512-/qAq4INRBF//wgNVlZoD2PgTThlffOUxQ0Q6TCIlUUO/vUrJybaPZZIxHTtSfq9Z1sxgmFV6p/2RFcc9HC7DZQ==",
      "requires": {
        "@material/animation": "0.25.0",
        "@material/base": "0.29.0",
        "@material/rtl": "0.30.0",
        "@material/theme": "0.30.0"
      }
    },
    "@material/snackbar": {
      "version": "0.30.0",
      "resolved": "https://registry.npmjs.org/@material/snackbar/-/snackbar-0.30.0.tgz",
      "integrity": "sha512-zQamWIxco7wZGYHXZ5G6TGTUKeZgS/EZ+YgRhA5hm6ZwfZrQYhn8coWRPOfsgHHlDN511sA8svU41h6HArlSFA==",
      "requires": {
        "@material/animation": "0.25.0",
        "@material/base": "0.29.0",
        "@material/rtl": "0.30.0",
        "@material/theme": "0.30.0",
        "@material/typography": "0.28.0"
      }
    },
    "@material/switch": {
      "version": "0.31.0",
      "resolved": "https://registry.npmjs.org/@material/switch/-/switch-0.31.0.tgz",
      "integrity": "sha512-1FDN8OHMOEy5IUGyH+JKeabRiLWtz+AmfXJknsDZEkLLQvMWekL9aNIKiHmYOFfoVN91G5xB9H8o5sfYetVnHQ==",
      "requires": {
        "@material/animation": "0.25.0",
        "@material/elevation": "0.28.0",
        "@material/theme": "0.30.0"
      }
    },
    "@material/tabs": {
      "version": "0.31.0",
      "resolved": "https://registry.npmjs.org/@material/tabs/-/tabs-0.31.0.tgz",
      "integrity": "sha512-AhcoqCDZ1XORNSoM2R8mA8Ug8s6N2M6v6qpjDv6eAvJRMM0FGDimxffNAFJnWUZaWv4xySA6wRm8mUocN84xqQ==",
      "requires": {
        "@material/animation": "0.25.0",
        "@material/base": "0.29.0",
        "@material/ripple": "0.31.0",
        "@material/rtl": "0.30.0",
        "@material/theme": "0.30.0",
        "@material/typography": "0.28.0"
      }
    },
    "@material/textfield": {
      "version": "0.31.0",
      "resolved": "https://registry.npmjs.org/@material/textfield/-/textfield-0.31.0.tgz",
      "integrity": "sha512-478hGjRqQGqJMOSVyi0l99Ccsr1XsCSq6JGs90OJ5Aepmo4hlN4lKOZPGB0899yPRI0s4BGkXj9IOYnAJ24d8A==",
      "requires": {
        "@material/animation": "0.25.0",
        "@material/base": "0.29.0",
        "@material/line-ripple": "0.30.0",
        "@material/ripple": "0.31.0",
        "@material/rtl": "0.30.0",
        "@material/theme": "0.30.0",
        "@material/typography": "0.28.0"
      }
    },
    "@material/theme": {
      "version": "0.30.0",
      "resolved": "https://registry.npmjs.org/@material/theme/-/theme-0.30.0.tgz",
      "integrity": "sha512-jd1iC5qyq5YX4w8sZj9+lXExeK4adXbAjw/lOQuDeT6WSGJf7HovxQlHjlyWJ4p/x0xTGrlaDHnrCxeJQCq4Og=="
    },
    "@material/toolbar": {
      "version": "0.30.0",
      "resolved": "https://registry.npmjs.org/@material/toolbar/-/toolbar-0.30.0.tgz",
      "integrity": "sha512-E5TONGygCuA0jT4pCDRk0aKvJA06ptbnlRCD/OtpfEhvBhbt8VyyntfHu155GYXVkK5MBU+Cn2b2+VhW2LcTuQ==",
      "requires": {
        "@material/base": "0.29.0",
        "@material/elevation": "0.28.0",
        "@material/rtl": "0.30.0",
        "@material/theme": "0.30.0",
        "@material/typography": "0.28.0"
      }
    },
    "@material/typography": {
      "version": "0.28.0",
      "resolved": "https://registry.npmjs.org/@material/typography/-/typography-0.28.0.tgz",
      "integrity": "sha512-Cz8XxO/bocChQAM87xTAN9CM31Q04FgW0N4lSQWyha2PAK/LdtfjjWFPZWNZKyQbZJBNjINbE3/PqMnWDTd4cQ=="
    },
    "focus-trap": {
      "version": "2.4.3",
      "resolved": "https://registry.npmjs.org/focus-trap/-/focus-trap-2.4.3.tgz",
      "integrity": "sha512-sT5Ip9nyAIxWq8Apt1Fdv6yTci5GotaOtO5Ro1/+F3PizttNBcCYz8j/Qze54PPFK73KUbOqh++HUCiyNPqvhA==",
      "requires": {
        "tabbable": "1.1.2"
      }
    },
    "material-components-web": {
      "version": "0.31.0",
      "resolved": "https://registry.npmjs.org/material-components-web/-/material-components-web-0.31.0.tgz",
      "integrity": "sha512-XnBxw43cwwXcJ3GafHtHNkQQDRGtkU0Ivs6YDFarTHygoS2qct/tXgsNdt9keRpbn+l8heYsGD51C/OIdYDdzA==",
      "requires": {
        "@material/animation": "0.25.0",
        "@material/auto-init": "0.30.0",
        "@material/base": "0.29.0",
        "@material/button": "0.31.0",
        "@material/card": "0.31.0",
        "@material/checkbox": "0.31.0",
        "@material/chips": "0.31.0",
        "@material/dialog": "0.31.0",
        "@material/drawer": "0.30.0",
        "@material/elevation": "0.28.0",
        "@material/fab": "0.31.0",
        "@material/form-field": "0.31.0",
        "@material/grid-list": "0.30.0",
        "@material/icon-toggle": "0.31.0",
        "@material/layout-grid": "0.24.0",
        "@material/line-ripple": "0.30.0",
        "@material/linear-progress": "0.30.0",
        "@material/list": "0.31.0",
        "@material/menu": "0.31.0",
        "@material/radio": "0.31.0",
        "@material/ripple": "0.31.0",
        "@material/rtl": "0.30.0",
        "@material/select": "0.31.0",
        "@material/selection-control": "0.31.0",
        "@material/slider": "0.30.0",
        "@material/snackbar": "0.30.0",
        "@material/switch": "0.31.0",
        "@material/tabs": "0.31.0",
        "@material/textfield": "0.31.0",
        "@material/theme": "0.30.0",
        "@material/toolbar": "0.30.0",
        "@material/typography": "0.28.0"
      }
    },
    "tabbable": {
      "version": "1.1.2",
      "resolved": "https://registry.npmjs.org/tabbable/-/tabbable-1.1.2.tgz",
      "integrity": "sha512-77oqsKEPrxIwgRcXUwipkj9W5ItO97L6eUT1Ar7vh+El16Zm4M6V+YU1cbipHEa6q0Yjw8O3Hoh8oRgatV5s7A=="
    }
  }
}
